Microsoft Visual Studio Solution File, Format Version 11.00
# Visual Studio 2008

Project("{2C1AB2B0-1E7D-C58C-575E-6795FB95D649}") = "jutan_project", "Assembly-CSharp-firstpass.csproj", "{5D67AEAB-2EAC-3FA8-8B6B-B6E78E8F9B88}"
EndProject
Project("{2C1AB2B0-1E7D-C58C-575E-6795FB95D649}") = "jutan_project", "Assembly-CSharp.csproj", "{41CFBC3C-334D-ADC3-CAB5-7BDB0BA1A88A}"
EndProject
Project("{2C1AB2B0-1E7D-C58C-575E-6795FB95D649}") = "jutan_project", "Assembly-CSharp-Editor.csproj", "{6069EFD0-407C-49C9-0C4F-FE46646D9B93}"
EndProject
Project("{2C1AB2B0-1E7D-C58C-575E-6795FB95D649}") = "jutan_project", "Assembly-UnityScript-firstpass.unityproj", "{BBFA1960-7039-F3DB-B988-280ABD0E1083}"
EndProject
Project("{2C1AB2B0-1E7D-C58C-575E-6795FB95D649}") = "jutan_project", "Assembly-UnityScript.unityproj", "{7A38A77B-022A-3312-83CE-808967596FCC}"
EndProject
Global
	GlobalSection(SolutionConfigurationPlatforms) = preSolution
		Debug|Any CPU = Debug|Any CPU
		Release|Any CPU = Release|Any CPU
	EndGlobalSection
	GlobalSection(ProjectConfigurationPlatforms) = postSolution
		{5D67AEAB-2EAC-3FA8-8B6B-B6E78E8F9B88}.Debug|Any CPU.ActiveCfg = Debug|Any CPU
		{5D67AEAB-2EAC-3FA8-8B6B-B6E78E8F9B88}.Debug|Any CPU.Build.0 = Debug|Any CPU
		{5D67AEAB-2EAC-3FA8-8B6B-B6E78E8F9B88}.Release|Any CPU.ActiveCfg = Release|Any CPU
		{5D67AEAB-2EAC-3FA8-8B6B-B6E78E8F9B88}.Release|Any CPU.Build.0 = Release|Any CPU
		{41CFBC3C-334D-ADC3-CAB5-7BDB0BA1A88A}.Debug|Any CPU.ActiveCfg = Debug|Any CPU
		{41CFBC3C-334D-ADC3-CAB5-7BDB0BA1A88A}.Debug|Any CPU.Build.0 = Debug|Any CPU
		{41CFBC3C-334D-ADC3-CAB5-7BDB0BA1A88A}.Release|Any CPU.ActiveCfg = Release|Any CPU
		{41CFBC3C-334D-ADC3-CAB5-7BDB0BA1A88A}.Release|Any CPU.Build.0 = Release|Any CPU
		{6069EFD0-407C-49C9-0C4F-FE46646D9B93}.Debug|Any CPU.ActiveCfg = Debug|Any CPU
		{6069EFD0-407C-49C9-0C4F-FE46646D9B93}.Debug|Any CPU.Build.0 = Debug|Any CPU
		{6069EFD0-407C-49C9-0C4F-FE46646D9B93}.Release|Any CPU.ActiveCfg = Release|Any CPU
		{6069EFD0-407C-49C9-0C4F-FE46646D9B93}.Release|Any CPU.Build.0 = Release|Any CPU
		{BBFA1960-7039-F3DB-B988-280ABD0E1083}.Debug|Any CPU.ActiveCfg = Debug|Any CPU
		{BBFA1960-7039-F3DB-B988-280ABD0E1083}.Debug|Any CPU.Build.0 = Debug|Any CPU
		{BBFA1960-7039-F3DB-B988-280ABD0E1083}.Release|Any CPU.ActiveCfg = Release|Any CPU
		{BBFA1960-7039-F3DB-B988-280ABD0E1083}.Release|Any CPU.Build.0 = Release|Any CPU
		{7A38A77B-022A-3312-83CE-808967596FCC}.Debug|Any CPU.ActiveCfg = Debug|Any CPU
		{7A38A77B-022A-3312-83CE-808967596FCC}.Debug|Any CPU.Build.0 = Debug|Any CPU
		{7A38A77B-022A-3312-83CE-808967596FCC}.Release|Any CPU.ActiveCfg = Release|Any CPU
		{7A38A77B-022A-3312-83CE-808967596FCC}.Release|Any CPU.Build.0 = Release|Any CPU
	EndGlobalSection
	GlobalSection(SolutionProperties) = preSolution
		HideSolutionNode = FALSE
	EndGlobalSection
															GlobalSection(MonoDevelopProperties) = preSolution
		StartupItem = Assembly-CSharp.csproj
		Policies = $0
		$0.TextStylePolicy = $1
		$1.inheritsSet = null
		$1.scope = text/x-csharp
		$0.CSharpFormattingPolicy = $2
		$2.inheritsSet = Mono
		$2.inheritsScope = text/x-csharp
		$2.scope = text/x-csharp
		$0.TextStylePolicy = $3
		$3.FileWidth = 120
		$3.TabWidth = 4
		$3.EolMarker = Unix
		$3.inheritsSet = Mono
		$3.inheritsScope = text/plain
		$3.scope = text/plain
	EndGlobalSection

EndGlobal
